
Microsoft Visual Studio Solution File, Format Version 12.00
# Visual Studio Version 17
VisualStudioVersion = 17.7.34031.279
MinimumVisualStudioVersion = 10.0.40219.1
Project("{9A19103F-16F7-4668-BE54-9A1E7A4F7556}") = "HackerStories", "HackerStories.csproj", "{9EE27F09-0E02-49B8-B2F7-2C90F4B4A8D4}"
EndProject
Project("{FAE04EC0-301F-11D3-BF4B-00C04F79EFBC}") = "HackerStoriesTests", "..\HackerStoriesTests\HackerStoriesTests.csproj", "{5149395B-FF85-4F1B-8717-CB6121A4A991}"
EndProject
Global
	GlobalSection(SolutionConfigurationPlatforms) = preSolution
		Debug|Any CPU = Debug|Any CPU
		Release|Any CPU = Release|Any CPU
	EndGlobalSection
	GlobalSection(ProjectConfigurationPlatforms) = postSolution
		{9EE27F09-0E02-49B8-B2F7-2C90F4B4A8D4}.Debug|Any CPU.ActiveCfg = Debug|Any CPU
		{9EE27F09-0E02-49B8-B2F7-2C90F4B4A8D4}.Debug|Any CPU.Build.0 = Debug|Any CPU
		{9EE27F09-0E02-49B8-B2F7-2C90F4B4A8D4}.Release|Any CPU.ActiveCfg = Release|Any CPU
		{9EE27F09-0E02-49B8-B2F7-2C90F4B4A8D4}.Release|Any CPU.Build.0 = Release|Any CPU
		{5149395B-FF85-4F1B-8717-CB6121A4A991}.Debug|Any CPU.ActiveCfg = Debug|Any CPU
		{5149395B-FF85-4F1B-8717-CB6121A4A991}.Debug|Any CPU.Build.0 = Debug|Any CPU
		{5149395B-FF85-4F1B-8717-CB6121A4A991}.Release|Any CPU.ActiveCfg = Release|Any CPU
		{5149395B-FF85-4F1B-8717-CB6121A4A991}.Release|Any CPU.Build.0 = Release|Any CPU
	EndGlobalSection
	GlobalSection(SolutionProperties) = preSolution
		HideSolutionNode = FALSE
	EndGlobalSection
	GlobalSection(ExtensibilityGlobals) = postSolution
		SolutionGuid = {6B5FFC19-1C8D-4447-900E-2DAAF20CBEED}
	EndGlobalSection
EndGlobal
